// !$*UTF8*$!
{
	archiveVersion = 1;
	classes = {
	};
	objectVersion = 50;
	objects = {

/* Begin PBXBuildFile section */
		D952329E24058A4A0040A5CE /* AppDelegate.swift in Sources */ = {isa = PBXBuildFile; fileRef = D952329D24058A4A0040A5CE /* AppDelegate.swift */; };
		D95232A024058A4A0040A5CE /* SceneDelegate.swift in Sources */ = {isa = PBXBuildFile; fileRef = D952329F24058A4A0040A5CE /* SceneDelegate.swift */; };
		D95232A224058A4A0040A5CE /* ViewController.swift in Sources */ = {isa = PBXBuildFile; fileRef = D95232A124058A4A0040A5CE /* ViewController.swift */; };
		D95232A524058A4A0040A5CE /* Main.storyboard in Resources */ = {isa = PBXBuildFile; fileRef = D95232A324058A4A0040A5CE /* Main.storyboard */; };
		D95232A724058A500040A5CE /* Assets.xcassets in Resources */ = {isa = PBXBuildFile; fileRef = D95232A624058A500040A5CE /* Assets.xcassets */; };
		D95232AA24058A500040A5CE /* LaunchScreen.storyboard in Resources */ = {isa = PBXBuildFile; fileRef = D95232A824058A500040A5CE /* LaunchScreen.storyboard */; };
		D95232B224058AA60040A5CE /* VrboWeb.swift in Sources */ = {isa = PBXBuildFile; fileRef = D95232B124058AA60040A5CE /* VrboWeb.swift */; };
		D95232B4240591CD0040A5CE /* villaSearchValues.swift in Sources */ = {isa = PBXBuildFile; fileRef = D95232B3240591CD0040A5CE /* villaSearchValues.swift */; };
/* End PBXBuildFile section */

/* Begin PBXFileReference section */
		D952329A24058A4A0040A5CE /* ieVRBOsearch.app */ = {isa = PBXFileReference; explicitFileType = wrapper.application; includeInIndex = 0; path = ieVRBOsearch.app; sourceTree = BUILT_PRODUCTS_DIR; };
		D952329D24058A4A0040A5CE /* AppDelegate.swift */ = {isa = PBXFileReference; lastKnownFileType = sourcecode.swift; path = AppDelegate.swift; sourceTree = "<group>"; };
		D952329F24058A4A0040A5CE /* SceneDelegate.swift */ = {isa = PBXFileReference; lastKnownFileType = sourcecode.swift; path = SceneDelegate.swift; sourceTree = "<group>"; };
		D95232A124058A4A0040A5CE /* ViewController.swift */ = {isa = PBXFileReference; lastKnownFileType = sourcecode.swift; path = ViewController.swift; sourceTree = "<group>"; };
		D95232A424058A4A0040A5CE /* Base */ = {isa = PBXFileReference; lastKnownFileType = file.storyboard; name = Base; path = Base.lproj/Main.storyboard; sourceTree = "<group>"; };
		D95232A624058A500040A5CE /* Assets.xcassets */ = {isa = PBXFileReference; lastKnownFileType = folder.assetcatalog; path = Assets.xcassets; sourceTree = "<group>"; };
		D95232A924058A500040A5CE /* Base */ = {isa = PBXFileReference; lastKnownFileType = file.storyboard; name = Base; path = Base.lproj/LaunchScreen.storyboard; sourceTree = "<group>"; };
		D95232AB24058A500040A5CE /* Info.plist */ = {isa = PBXFileReference; lastKnownFileType = text.plist.xml; path = Info.plist; sourceTree = "<group>"; };
		D95232B124058AA60040A5CE /* VrboWeb.swift */ = {isa = PBXFileReference; lastKnownFileType = sourcecode.swift; path = VrboWeb.swift; sourceTree = "<group>"; };
		D95232B3240591CD0040A5CE /* villaSearchValues.swift */ = {isa = PBXFileReference; lastKnownFileType = sourcecode.swift; path = villaSearchValues.swift; sourceTree = "<group>"; };
/* End PBXFileReference section */

/* Begin PBXFrameworksBuildPhase section */
		D952329724058A4A0040A5CE /* Frameworks */ = {
			isa = PBXFrameworksBuildPhase;
			buildActionMask = 2147483647;
			files = (
			);
			runOnlyForDeploymentPostprocessing = 0;
		};
/* End PBXFrameworksBuildPhase section */

/* Begin PBXGroup section */
		D952329124058A4A0040A5CE = {
			isa = PBXGroup;
			children = (
				D952329C24058A4A0040A5CE /* ieVRBOsearch */,
				D952329B24058A4A0040A5CE /* Products */,
			);
			sourceTree = "<group>";
		};
		D952329B24058A4A0040A5CE /* Products */ = {
			isa = PBXGroup;
			children = (
				D952329A24058A4A0040A5CE /* ieVRBOsearch.app */,
			);
			name = Products;
			sourceTree = "<group>";
		};
		D952329C24058A4A0040A5CE /* ieVRBOsearch */ = {
			isa = PBXGroup;
			children = (
				D952329D24058A4A0040A5CE /* AppDelegate.swift */,
				D952329F24058A4A0040A5CE /* SceneDelegate.swift */,
				D95232A124058A4A0040A5CE /* ViewController.swift */,
				D95232A324058A4A0040A5CE /* Main.storyboard */,
				D95232A624058A500040A5CE /* Assets.xcassets */,
				D95232A824058A500040A5CE /* LaunchScreen.storyboard */,
				D95232AB24058A500040A5CE /* Info.plist */,
				D95232B124058AA60040A5CE /* VrboWeb.swift */,
				D95232B3240591CD0040A5CE /* villaSearchValues.swift */,
			);
			path = ieVRBOsearch;
			sourceTree = "<group>";
		};
/* End PBXGroup section */

/* Begin PBXNativeTarget section */
		D952329924058A4A0040A5CE /* ieVRBOsearch */ = {
			isa = PBXNativeTarget;
			buildConfigurationList = D95232AE24058A500040A5CE /* Build configuration list for PBXNativeTarget "ieVRBOsearch" */;
			buildPhases = (
				D952329624058A4A0040A5CE /* Sources */,
				D952329724058A4A0040A5CE /* Frameworks */,
				D952329824058A4A0040A5CE /* Resources */,
			);
			buildRules = (
			);
			dependencies = (
			);
			name = ieVRBOsearch;
			productName = ieVRBOsearch;
			productReference = D952329A24058A4A0040A5CE /* ieVRBOsearch.app */;
			productType = "com.apple.product-type.application";
		};
/* End PBXNativeTarget section */

/* Begin PBXProject section */
		D952329224058A4A0040A5CE /* Project object */ = {
			isa = PBXProject;
			attributes = {
				LastSwiftUpdateCheck = 1130;
				LastUpgradeCheck = 1130;
				ORGANIZATIONNAME = Dustin;
				TargetAttributes = {
					D952329924058A4A0040A5CE = {
						CreatedOnToolsVersion = 11.3.1;
					};
				};
			};
			buildConfigurationList = D952329524058A4A0040A5CE /* Build configuration list for PBXProject "ieVRBOsearch" */;
			compatibilityVersion = "Xcode 9.3";
			developmentRegion = en;
			hasScannedForEncodings = 0;
			knownRegions = (
				en,
				Base,
			);
			mainGroup = D952329124058A4A0040A5CE;
			productRefGroup = D952329B24058A4A0040A5CE /* Products */;
			projectDirPath = "";
			projectRoot = "";
			targets = (
				D952329924058A4A0040A5CE /* ieVRBOsearch */,
			);
		};
/* End PBXProject section */

/* Begin PBXResourcesBuildPhase section */
		D952329824058A4A0040A5CE /* Resources */ = {
			isa = PBXResourcesBuildPhase;
			buildActionMask = 2147483647;
			files = (
				D95232AA24058A500040A5CE /* LaunchScreen.storyboard in Resources */,
				D95232A724058A500040A5CE /* Assets.xcassets in Resources */,
				D95232A524058A4A0040A5CE /* Main.storyboard in Resources */,
			);
			runOnlyForDeploymentPostprocessing = 0;
		};
/* End PBXResourcesBuildPhase section */

/* Begin PBXSourcesBuildPhase section */
		D952329624058A4A0040A5CE /* Sources */ = {
			isa = PBXSourcesBuildPhase;
			buildActionMask = 2147483647;
			files = (
				D95232A224058A4A0040A5CE /* ViewController.swift in Sources */,
				D952329E24058A4A0040A5CE /* AppDelegate.swift in Sources */,
				D95232B4240591CD0040A5CE /* villaSearchValues.swift in Sources */,
				D95232A024058A4A0040A5CE /* SceneDelegate.swift in Sources */,
				D95232B224058AA60040A5CE /* VrboWeb.swift in Sources */,
			);
			runOnlyForDeploymentPostprocessing = 0;
		};
/* End PBXSourcesBuildPhase section */

/* Begin PBXVariantGroup section */
		D95232A324058A4A0040A5CE /* Main.storyboard */ = {
			isa = PBXVariantGroup;
			children = (
				D95232A424058A4A0040A5CE /* Base */,
			);
			name = Main.storyboard;
			sourceTree = "<group>";
		};
		D95232A824058A500040A5CE /* LaunchScreen.storyboard */ = {
			isa = PBXVariantGroup;
			children = (
				D95232A924058A500040A5CE /* Base */,
			);
			name = LaunchScreen.storyboard;
			sourceTree = "<group>";
		};
/* End PBXVariantGroup section */

/* Begin XCBuildConfiguration section */
		D95232AC24058A500040A5CE /* Debug */ = {
			isa = XCBuildConfiguration;
			buildSettings = {
				ALWAYS_SEARCH_USER_PATHS = NO;
				CLANG_ANALYZER_NONNULL = YES;
				CLANG_ANALYZER_NUMBER_OBJECT_CONVERSION = YES_AGGRESSIVE;
				CLANG_CXX_LANGUAGE_STANDARD = "gnu++14";
				CLANG_CXX_LIBRARY = "libc++";
				CLANG_ENABLE_MODULES = YES;
				CLANG_ENABLE_OBJC_ARC = YES;
				CLANG_ENABLE_OBJC_WEAK = YES;
				CLANG_WARN_BLOCK_CAPTURE_AUTORELEASING = YES;
				CLANG_WARN_BOOL_CONVERSION = YES;
				CLANG_WARN_COMMA = YES;
				CLANG_WARN_CONSTANT_CONVERSION = YES;
				CLANG_WARN_DEPRECATED_OBJC_IMPLEMENTATIONS = YES;
				CLANG_WARN_DIRECT_OBJC_ISA_USAGE = YES_ERROR;
				CLANG_WARN_DOCUMENTATION_COMMENTS = YES;
				CLANG_WARN_EMPTY_BODY = YES;
				CLANG_WARN_ENUM_CONVERSION = YES;
				CLANG_WARN_INFINITE_RECURSION = YES;
				CLANG_WARN_INT_CONVERSION = YES;
				CLANG_WARN_NON_LITERAL_NULL_CONVERSION = YES;
				CLANG_WARN_OBJC_IMPLICIT_RETAIN_SELF = YES;
				CLANG_WARN_OBJC_LITERAL_CONVERSION = YES;
				CLANG_WARN_OBJC_ROOT_CLASS = YES_ERROR;
				CLANG_WARN_RANGE_LOOP_ANALYSIS = YES;
				CLANG_WARN_STRICT_PROTOTYPES = YES;
				CLANG_WARN_SUSPICIOUS_MOVE = YES;
				CLANG_WARN_UNGUARDED_AVAILABILITY = YES_AGGRESSIVE;
				CLANG_WARN_UNREACHABLE_CODE = YES;
				CLANG_WARN__DUPLICATE_METHOD_MATCH = YES;
				COPY_PHASE_STRIP = NO;
				DEBUG_INFORMATION_FORMAT = dwarf;
				ENABLE_STRICT_OBJC_MSGSEND = YES;
				ENABLE_TESTABILITY = YES;
				GCC_C_LANGUAGE_STANDARD = gnu11;
				GCC_DYNAMIC_NO_PIC = NO;
				GCC_NO_COMMON_BLOCKS = YES;
				GCC_OPTIMIZATION_LEVEL = 0;
				GCC_PREPROCESSOR_DEFINITIONS = (
					"DEBUG=1",
					"$(inherited)",
				);
				GCC_WARN_64_TO_32_BIT_CONVERSION = YES;
				GCC_WARN_ABOUT_RETURN_TYPE = YES_ERROR;
				GCC_WARN_UNDECLARED_SELECTOR = YES;
				GCC_WARN_UNINITIALIZED_AUTOS = YES_AGGRESSIVE;
				GCC_WARN_UNUSED_FUNCTION = YES;
				GCC_WARN_UNUSED_VARIABLE = YES;
				IPHONEOS_DEPLOYMENT_TARGET = 13.2;
				MTL_ENABLE_DEBUG_INFO = INCLUDE_SOURCE;
				MTL_FAST_MATH = YES;
				ONLY_ACTIVE_ARCH = YES;
				SDKROOT = iphoneos;
				SWIFT_ACTIVE_COMPILATION_CONDITIONS = DEBUG;
				SWIFT_OPTIMIZATION_LEVEL = "-Onone";
			};
			name = Debug;
		};
		D95232AD24058A500040A5CE /* Release */ = {
			isa = XCBuildConfiguration;
			buildSettings = {
				ALWAYS_SEARCH_USER_PATHS = NO;
				CLANG_ANALYZER_NONNULL = YES;
				CLANG_ANALYZER_NUMBER_OBJECT_CONVERSION = YES_AGGRESSIVE;
				CLANG_CXX_LANGUAGE_STANDARD = "gnu++14";
				CLANG_CXX_LIBRARY = "libc++";
				CLANG_ENABLE_MODULES = YES;
				CLANG_ENABLE_OBJC_ARC = YES;
				CLANG_ENABLE_OBJC_WEAK = YES;
				CLANG_WARN_BLOCK_CAPTURE_AUTORELEASING = YES;
				CLANG_WARN_BOOL_CONVERSION = YES;
				CLANG_WARN_COMMA = YES;
				CLANG_WARN_CONSTANT_CONVERSION = YES;
				CLANG_WARN_DEPRECATED_OBJC_IMPLEMENTATIONS = YES;
				CLANG_WARN_DIRECT_OBJC_ISA_USAGE = YES_ERROR;
				CLANG_WARN_DOCUMENTATION_COMMENTS = YES;
				CLANG_WARN_EMPTY_BODY = YES;
				CLANG_WARN_ENUM_CONVERSION = YES;
				CLANG_WARN_INFINITE_RECURSION = YES;
				CLANG_WARN_INT_CONVERSION = YES;
				CLANG_WARN_NON_LITERAL_NULL_CONVERSION = YES;
				CLANG_WARN_OBJC_IMPLICIT_RETAIN_SELF = YES;
				CLANG_WARN_OBJC_LITERAL_CONVERSION = YES;
				CLANG_WARN_OBJC_ROOT_CLASS = YES_ERROR;
				CLANG_WARN_RANGE_LOOP_ANALYSIS = YES;
				CLANG_WARN_STRICT_PROTOTYPES = YES;
				CLANG_WARN_SUSPICIOUS_MOVE = YES;
				CLANG_WARN_UNGUARDED_AVAILABILITY = YES_AGGRESSIVE;
				CLANG_WARN_UNREACHABLE_CODE = YES;
				CLANG_WARN__DUPLICATE_METHOD_MATCH = YES;
				COPY_PHASE_STRIP = NO;
				DEBUG_INFORMATION_FORMAT = "dwarf-with-dsym";
				ENABLE_NS_ASSERTIONS = NO;
				ENABLE_STRICT_OBJC_MSGSEND = YES;
				GCC_C_LANGUAGE_STANDARD = gnu11;
				GCC_NO_COMMON_BLOCKS = YES;
				GCC_WARN_64_TO_32_BIT_CONVERSION = YES;
				GCC_WARN_ABOUT_RETURN_TYPE = YES_ERROR;
				GCC_WARN_UNDECLARED_SELECTOR = YES;
				GCC_WARN_UNINITIALIZED_AUTOS = YES_AGGRESSIVE;
				GCC_WARN_UNUSED_FUNCTION = YES;
				GCC_WARN_UNUSED_VARIABLE = YES;
				IPHONEOS_DEPLOYMENT_TARGET = 13.2;
				MTL_ENABLE_DEBUG_INFO = NO;
				MTL_FAST_MATH = YES;
				SDKROOT = iphoneos;
				SWIFT_COMPILATION_MODE = wholemodule;
				SWIFT_OPTIMIZATION_LEVEL = "-O";
				VALIDATE_PRODUCT = YES;
			};
			name = Release;
		};
		D95232AF24058A500040A5CE /* Debug */ = {
			isa = XCBuildConfiguration;
			buildSettings = {
				ASSETCATALOG_COMPILER_APPICON_NAME = AppIcon;
				CODE_SIGN_STYLE = Automatic;
				DEVELOPMENT_TEAM = KHTC3WZ3S9;
				INFOPLIST_FILE = ieVRBOsearch/Info.plist;
				LD_RUNPATH_SEARCH_PATHS = (
					"$(inherited)",
					"@executable_path/Frameworks",
				);
				PRODUCT_BUNDLE_IDENTIFIER = dm.ieVRBOsearch;
				PRODUCT_NAME = "$(TARGET_NAME)";
				SWIFT_VERSION = 5.0;
				TARGETED_DEVICE_FAMILY = "1,2";
			};
			name = Debug;
		};
		D95232B024058A500040A5CE /* Release */ = {
			isa = XCBuildConfiguration;
			buildSettings = {
				ASSETCATALOG_COMPILER_APPICON_NAME = AppIcon;
				CODE_SIGN_STYLE = Automatic;
				DEVELOPMENT_TEAM = KHTC3WZ3S9;
				INFOPLIST_FILE = ieVRBOsearch/Info.plist;
				LD_RUNPATH_SEARCH_PATHS = (
					"$(inherited)",
					"@executable_path/Frameworks",
				);
				PRODUCT_BUNDLE_IDENTIFIER = dm.ieVRBOsearch;
				PRODUCT_NAME = "$(TARGET_NAME)";
				SWIFT_VERSION = 5.0;
				TARGETED_DEVICE_FAMILY = "1,2";
			};
			name = Release;
		};
/* End XCBuildConfiguration section */

/* Begin XCConfigurationList section */
		D952329524058A4A0040A5CE /* Build configuration list for PBXProject "ieVRBOsearch" */ = {
			isa = XCConfigurationList;
			buildConfigurations = (
				D95232AC24058A500040A5CE /* Debug */,
				D95232AD24058A500040A5CE /* Release */,
			);
			defaultConfigurationIsVisible = 0;
			defaultConfigurationName = Release;
		};
		D95232AE24058A500040A5CE /* Build configuration list for PBXNativeTarget "ieVRBOsearch" */ = {
			isa = XCConfigurationList;
			buildConfigurations = (
				D95232AF24058A500040A5CE /* Debug */,
				D95232B024058A500040A5CE /* Release */,
			);
			defaultConfigurationIsVisible = 0;
			defaultConfigurationName = Release;
		};
/* End XCConfigurationList section */
	};
	rootObject = D952329224058A4A0040A5CE /* Project object */;
}
